
Microsoft Visual Studio Solution File, Format Version 12.00
# Visual Studio 15
Project("{FAE04EC0-301F-11D3-BF4B-00C04F79EFBC}") = "Assembly-CSharp", "Assembly-CSharp.csproj", "{3003508B-AE61-247A-7256-C5CEE723951B}"
EndProject
Project("{FAE04EC0-301F-11D3-BF4B-00C04F79EFBC}") = "Assembly-CSharp-Editor", "Assembly-CSharp-Editor.csproj", "{2D9FB955-A559-2A6D-F1CE-7D375DB83F96}"
EndProject
Global
	GlobalSection(SolutionConfigurationPlatforms) = preSolution
		Debug|Any CPU = Debug|Any CPU
		Release|Any CPU = Release|Any CPU
	EndGlobalSection
	GlobalSection(ProjectConfigurationPlatforms) = postSolution
		{3003508B-AE61-247A-7256-C5CEE723951B}.Debug|Any CPU.ActiveCfg = Debug|Any CPU
		{3003508B-AE61-247A-7256-C5CEE723951B}.Debug|Any CPU.Build.0 = Debug|Any CPU
		{3003508B-AE61-247A-7256-C5CEE723951B}.Release|Any CPU.ActiveCfg = Release|Any CPU
		{3003508B-AE61-247A-7256-C5CEE723951B}.Release|Any CPU.Build.0 = Release|Any CPU
		{2D9FB955-A559-2A6D-F1CE-7D375DB83F96}.Debug|Any CPU.ActiveCfg = Debug|Any CPU
		{2D9FB955-A559-2A6D-F1CE-7D375DB83F96}.Debug|Any CPU.Build.0 = Debug|Any CPU
		{2D9FB955-A559-2A6D-F1CE-7D375DB83F96}.Release|Any CPU.ActiveCfg = Release|Any CPU
		{2D9FB955-A559-2A6D-F1CE-7D375DB83F96}.Release|Any CPU.Build.0 = Release|Any CPU
	EndGlobalSection
	GlobalSection(SolutionProperties) = preSolution
		HideSolutionNode = FALSE
	EndGlobalSection
EndGlobal
